
Microsoft Visual Studio Solution File, Format Version 12.00
# Visual Studio 14
VisualStudioVersion = 14.0.25123.0
MinimumVisualStudioVersion = 10.0.40219.1
Project("{FAE04EC0-301F-11D3-BF4B-00C04F79EFBC}") = "Cogito.Composition", "Cogito.Composition\Cogito.Composition.csproj", "{7BC455C8-108C-4B5A-BF25-F20EEE0A8140}"
EndProject
Project("{FAE04EC0-301F-11D3-BF4B-00C04F79EFBC}") = "Cogito.Web.Http", "Cogito.Web.Http\Cogito.Web.Http.csproj", "{D07FE037-FAF0-4B59-9B55-C00C68AD1C9D}"
EndProject
Project("{FAE04EC0-301F-11D3-BF4B-00C04F79EFBC}") = "Cogito.Application", "Cogito.Application\Cogito.Application.csproj", "{D3391C9B-9587-4CED-9A66-EB88B189E169}"
EndProject
Project("{FAE04EC0-301F-11D3-BF4B-00C04F79EFBC}") = "Cogito.Web", "Cogito.Web\Cogito.Web.csproj", "{8C490862-8A00-4F54-9BAF-3FB1C6C1D66D}"
EndProject
Project("{FAE04EC0-301F-11D3-BF4B-00C04F79EFBC}") = "Cogito.IO", "Cogito.IO\Cogito.IO.csproj", "{460F0507-8101-4D96-AE8E-42B57D703106}"
EndProject
Project("{FAE04EC0-301F-11D3-BF4B-00C04F79EFBC}") = "Cogito.Web.UI", "Cogito.Web.UI\Cogito.Web.UI.csproj", "{13FE01E6-C37C-4127-BED1-58608179E55D}"
EndProject
Project("{FAE04EC0-301F-11D3-BF4B-00C04F79EFBC}") = "Cogito.Web.UI.Razor", "Cogito.Web.UI.Razor\Cogito.Web.UI.Razor.csproj", "{5A00C0A9-FE5D-4002-BE5B-F3B271D3E8FD}"
EndProject
Project("{FAE04EC0-301F-11D3-BF4B-00C04F79EFBC}") = "Cogito.Composition.Tests", "Cogito.Composition.Tests\Cogito.Composition.Tests.csproj", "{68ED5758-220F-486C-902F-5C30BA5F410D}"
EndProject
Project("{FAE04EC0-301F-11D3-BF4B-00C04F79EFBC}") = "Cogito.Core", "Cogito.Core\Cogito.Core.csproj", "{133C2D12-BDA9-4806-BA0A-70EC83BEC9BD}"
EndProject
Project("{FAE04EC0-301F-11D3-BF4B-00C04F79EFBC}") = "Cogito.Web.Razor", "Cogito.Web.Razor\Cogito.Web.Razor.csproj", "{A3D721A0-0086-44C3-887E-FA26D9310931}"
EndProject
Project("{FAE04EC0-301F-11D3-BF4B-00C04F79EFBC}") = "Cogito.Core.Tests", "Cogito.Core.Tests\Cogito.Core.Tests.csproj", "{34C1B161-9CBD-4B4C-8CBA-12B5F088D39B}"
EndProject
Project("{FAE04EC0-301F-11D3-BF4B-00C04F79EFBC}") = "Cogito.IO.Tests", "Cogito.IO.Tests\Cogito.IO.Tests.csproj", "{AB664E5C-3AB5-4135-A857-AEA7A854F3FE}"
EndProject
Project("{FAE04EC0-301F-11D3-BF4B-00C04F79EFBC}") = "Cogito.Web.Tests", "Cogito.Web.Tests\Cogito.Web.Tests.csproj", "{E7C868A6-B300-4992-8984-EC8EA48584D4}"
EndProject
Project("{FAE04EC0-301F-11D3-BF4B-00C04F79EFBC}") = "Cogito.Web.Http.Tests", "Cogito.Web.Http.Tests\Cogito.Web.Http.Tests.csproj", "{9A86F0C4-0D24-4A20-84F6-909D56F40629}"
EndProject
Project("{FAE04EC0-301F-11D3-BF4B-00C04F79EFBC}") = "Cogito.Web.Razor.Tests", "Cogito.Web.Razor.Tests\Cogito.Web.Razor.Tests.csproj", "{DB436836-980E-4034-A81A-63C2716BBC64}"
EndProject
Project("{FAE04EC0-301F-11D3-BF4B-00C04F79EFBC}") = "Cogito.Web.UI.Tests", "Cogito.Web.UI.Tests\Cogito.Web.UI.Tests.csproj", "{3AB63E55-6F88-4E12-808E-3BA53C9B4EE8}"
EndProject
Project("{FAE04EC0-301F-11D3-BF4B-00C04F79EFBC}") = "Cogito.Web.UI.Razor.Tests", "Cogito.Web.UI.Razor.Tests\Cogito.Web.UI.Razor.Tests.csproj", "{D9745B2F-41D9-48ED-A976-C570B7663DC5}"
EndProject
Project("{2150E333-8FDC-42A3-9474-1A3956D46DE8}") = "Tests", "Tests", "{87130765-A579-4878-B462-70139F28B475}"
	ProjectSection(SolutionItems) = preProject
		Cogito.runsettings = Cogito.runsettings
	EndProjectSection
EndProject
Project("{FAE04EC0-301F-11D3-BF4B-00C04F79EFBC}") = "Cogito.Negotiation", "Cogito.Negotiation\Cogito.Negotiation.csproj", "{DCF6AAB4-F221-459F-9887-8A87CF2866DD}"
EndProject
Project("{FAE04EC0-301F-11D3-BF4B-00C04F79EFBC}") = "Cogito.Negotiation.Tests", "Cogito.Negotiation.Tests\Cogito.Negotiation.Tests.csproj", "{225920AC-B84A-4263-9D45-34C2FD2F6487}"
EndProject
Project("{FAE04EC0-301F-11D3-BF4B-00C04F79EFBC}") = "Cogito.Irony", "Cogito.Irony\Cogito.Irony.csproj", "{AE3568E9-03B0-4C86-B5CA-4D99219FDC15}"
EndProject
Project("{FAE04EC0-301F-11D3-BF4B-00C04F79EFBC}") = "Cogito.Owin", "Cogito.Owin\Cogito.Owin.csproj", "{80241936-902A-4ED2-B0C9-C482717B21B8}"
EndProject
Project("{FAE04EC0-301F-11D3-BF4B-00C04F79EFBC}") = "Cogito.Nancy.Web.UI", "Cogito.Nancy.Web.UI\Cogito.Nancy.Web.UI.csproj", "{F796A8EF-0731-4000-8307-006C57BB2282}"
EndProject
Project("{FAE04EC0-301F-11D3-BF4B-00C04F79EFBC}") = "Cogito.Web.Core", "Cogito.Web.Core\Cogito.Web.Core.csproj", "{D9186EFA-C085-4877-9FDB-47C3C28BCCF0}"
EndProject
Project("{FAE04EC0-301F-11D3-BF4B-00C04F79EFBC}") = "Cogito.ServiceBus", "Cogito.ServiceBus\Cogito.ServiceBus.csproj", "{2F9A61CA-5F20-4F98-90E5-6BF972BB87C5}"
EndProject
Project("{FAE04EC0-301F-11D3-BF4B-00C04F79EFBC}") = "Cogito.ServiceBus.MassTransit", "Cogito.ServiceBus.MassTransit\Cogito.ServiceBus.MassTransit.csproj", "{16506209-6820-4070-9690-C78C6369EC60}"
EndProject
Project("{FAE04EC0-301F-11D3-BF4B-00C04F79EFBC}") = "Cogito.Web.Tests.Site", "Cogito.Web.Tests.Site\Cogito.Web.Tests.Site.csproj", "{A7693853-2941-4181-9D06-BAF57B86A350}"
EndProject
Project("{FAE04EC0-301F-11D3-BF4B-00C04F79EFBC}") = "Cogito.Components.Server", "Cogito.Components.Server\Cogito.Components.Server.csproj", "{7EFE63CB-4688-45C8-8A6C-FAB86891DFD0}"
EndProject
Project("{FAE04EC0-301F-11D3-BF4B-00C04F79EFBC}") = "Cogito.Components.Server.Tests", "Cogito.Components.Server.Tests\Cogito.Components.Server.Tests.csproj", "{3614F477-D432-4600-B20A-280671B60E49}"
EndProject
Project("{FAE04EC0-301F-11D3-BF4B-00C04F79EFBC}") = "Cogito.Components.Server.TestApp", "Cogito.Components.Server.TestApp\Cogito.Components.Server.TestApp.csproj", "{F289D297-D2E5-4A24-94D9-A5928026E89A}"
EndProject
Project("{FAE04EC0-301F-11D3-BF4B-00C04F79EFBC}") = "Cogito.Activities", "Cogito.Activities\Cogito.Activities.csproj", "{828365A4-AB29-4692-A555-BC97C0E5A8D5}"
EndProject
Project("{FAE04EC0-301F-11D3-BF4B-00C04F79EFBC}") = "Cogito.Activities.Tests", "Cogito.Activities.Tests\Cogito.Activities.Tests.csproj", "{88B353BD-0A88-4CF9-9442-660692437E6E}"
EndProject
Project("{FAE04EC0-301F-11D3-BF4B-00C04F79EFBC}") = "Cogito.Fabric", "Cogito.Fabric\Cogito.Fabric.csproj", "{45C4E98F-C300-4869-A3A3-531B56BDC3D9}"
EndProject
Project("{FAE04EC0-301F-11D3-BF4B-00C04F79EFBC}") = "Cogito.Fabric.Activities", "Cogito.Fabric.Activities\Cogito.Fabric.Activities.csproj", "{A37AD75B-3315-4E60-98B2-137EB68CE303}"
EndProject
Project("{FAE04EC0-301F-11D3-BF4B-00C04F79EFBC}") = "Cogito.Fabric.Http", "Cogito.Fabric.Http\Cogito.Fabric.Http.csproj", "{9AD67BF7-8707-4388-AD34-545CE9EAADEA}"
EndProject
Project("{FAE04EC0-301F-11D3-BF4B-00C04F79EFBC}") = "Cogito.Fabric.Activities.Test.Activities", "Cogito.Fabric.Activities.Test.Activities\Cogito.Fabric.Activities.Test.Activities.csproj", "{58B7FC57-2117-4BEE-A7D5-69CA21398199}"
EndProject
Project("{A07B5EB6-E848-4116-A8D0-A826331D98C6}") = "Cogito.Fabric.Activities.Test.Application", "Cogito.Fabric.Activities.Test.Application\Cogito.Fabric.Activities.Test.Application.sfproj", "{C91F9AC9-9B49-4B1E-BC77-32821380E219}"
EndProject
Project("{FAE04EC0-301F-11D3-BF4B-00C04F79EFBC}") = "Cogito.Fabric.Activities.Test.TestActor", "Cogito.Fabric.Activities.Test.TestActor\Cogito.Fabric.Activities.Test.TestActor.csproj", "{D2DE259F-760A-42EF-8075-888FD50EAB18}"
EndProject
Project("{FAE04EC0-301F-11D3-BF4B-00C04F79EFBC}") = "Cogito.Fabric.Activities.Test.TestActor.Interfaces", "Cogito.Fabric.Activities.Test.TestActor.Interfaces\Cogito.Fabric.Activities.Test.TestActor.Interfaces.csproj", "{F86DB8EA-DA52-40D6-B5AF-2ACFF7DE4892}"
EndProject
Project("{FAE04EC0-301F-11D3-BF4B-00C04F79EFBC}") = "Cogito.Fabric.Activities.Test.TestWebService", "Cogito.Fabric.Activities.Test.TestWebService\Cogito.Fabric.Activities.Test.TestWebService.csproj", "{35F3823E-7FAD-4273-A641-BD8C25A867A9}"
EndProject
Project("{FAE04EC0-301F-11D3-BF4B-00C04F79EFBC}") = "Cogito.Fabric.Activities.Tests", "Cogito.Fabric.Activities.Tests\Cogito.Fabric.Activities.Tests.csproj", "{0ECBDA32-F6F2-4316-9511-EF78E7038E83}"
EndProject
Project("{FAE04EC0-301F-11D3-BF4B-00C04F79EFBC}") = "Cogito.Web.Http.Tests.Web.Site", "Cogito.Web.Http.Tests.Web.Site\Cogito.Web.Http.Tests.Web.Site.csproj", "{17C1E98F-4DD0-4D59-80AA-DE58077D9D18}"
EndProject
Project("{FAE04EC0-301F-11D3-BF4B-00C04F79EFBC}") = "Cogito.Fabric.Test.Web.Service", "Cogito.Fabric.Test.Web.Service\Cogito.Fabric.Test.Web.Service.csproj", "{B0B02484-594E-4DE6-BF7E-5282431123EF}"
EndProject
Project("{A07B5EB6-E848-4116-A8D0-A826331D98C6}") = "Cogito.Fabric.Test.Application", "Cogito.Fabric.Test.Application\Cogito.Fabric.Test.Application.sfproj", "{F8E665E6-E512-40C3-BA09-E7DCED1F55C2}"
EndProject
Global
	GlobalSection(SolutionConfigurationPlatforms) = preSolution
		Debug|Any CPU = Debug|Any CPU
		Debug|x64 = Debug|x64
		Release|Any CPU = Release|Any CPU
		Release|x64 = Release|x64
	EndGlobalSection
	GlobalSection(ProjectConfigurationPlatforms) = postSolution
		{7BC455C8-108C-4B5A-BF25-F20EEE0A8140}.Debug|Any CPU.ActiveCfg = Debug|Any CPU
		{7BC455C8-108C-4B5A-BF25-F20EEE0A8140}.Debug|Any CPU.Build.0 = Debug|Any CPU
		{7BC455C8-108C-4B5A-BF25-F20EEE0A8140}.Debug|x64.ActiveCfg = Debug|Any CPU
		{7BC455C8-108C-4B5A-BF25-F20EEE0A8140}.Debug|x64.Build.0 = Debug|Any CPU
		{7BC455C8-108C-4B5A-BF25-F20EEE0A8140}.Release|Any CPU.ActiveCfg = Release|Any CPU
		{7BC455C8-108C-4B5A-BF25-F20EEE0A8140}.Release|Any CPU.Build.0 = Release|Any CPU
		{7BC455C8-108C-4B5A-BF25-F20EEE0A8140}.Release|x64.ActiveCfg = Release|Any CPU
		{7BC455C8-108C-4B5A-BF25-F20EEE0A8140}.Release|x64.Build.0 = Release|Any CPU
		{D07FE037-FAF0-4B59-9B55-C00C68AD1C9D}.Debug|Any CPU.ActiveCfg = Debug|Any CPU
		{D07FE037-FAF0-4B59-9B55-C00C68AD1C9D}.Debug|Any CPU.Build.0 = Debug|Any CPU
		{D07FE037-FAF0-4B59-9B55-C00C68AD1C9D}.Debug|x64.ActiveCfg = Debug|Any CPU
		{D07FE037-FAF0-4B59-9B55-C00C68AD1C9D}.Debug|x64.Build.0 = Debug|Any CPU
		{D07FE037-FAF0-4B59-9B55-C00C68AD1C9D}.Release|Any CPU.ActiveCfg = Release|Any CPU
		{D07FE037-FAF0-4B59-9B55-C00C68AD1C9D}.Release|Any CPU.Build.0 = Release|Any CPU
		{D07FE037-FAF0-4B59-9B55-C00C68AD1C9D}.Release|x64.ActiveCfg = Release|Any CPU
		{D07FE037-FAF0-4B59-9B55-C00C68AD1C9D}.Release|x64.Build.0 = Release|Any CPU
		{D3391C9B-9587-4CED-9A66-EB88B189E169}.Debug|Any CPU.ActiveCfg = Debug|Any CPU
		{D3391C9B-9587-4CED-9A66-EB88B189E169}.Debug|Any CPU.Build.0 = Debug|Any CPU
		{D3391C9B-9587-4CED-9A66-EB88B189E169}.Debug|x64.ActiveCfg = Debug|Any CPU
		{D3391C9B-9587-4CED-9A66-EB88B189E169}.Debug|x64.Build.0 = Debug|Any CPU
		{D3391C9B-9587-4CED-9A66-EB88B189E169}.Release|Any CPU.ActiveCfg = Release|Any CPU
		{D3391C9B-9587-4CED-9A66-EB88B189E169}.Release|Any CPU.Build.0 = Release|Any CPU
		{D3391C9B-9587-4CED-9A66-EB88B189E169}.Release|x64.ActiveCfg = Release|Any CPU
		{D3391C9B-9587-4CED-9A66-EB88B189E169}.Release|x64.Build.0 = Release|Any CPU
		{8C490862-8A00-4F54-9BAF-3FB1C6C1D66D}.Debug|Any CPU.ActiveCfg = Debug|Any CPU
		{8C490862-8A00-4F54-9BAF-3FB1C6C1D66D}.Debug|Any CPU.Build.0 = Debug|Any CPU
		{8C490862-8A00-4F54-9BAF-3FB1C6C1D66D}.Debug|x64.ActiveCfg = Debug|Any CPU
		{8C490862-8A00-4F54-9BAF-3FB1C6C1D66D}.Debug|x64.Build.0 = Debug|Any CPU
		{8C490862-8A00-4F54-9BAF-3FB1C6C1D66D}.Release|Any CPU.ActiveCfg = Release|Any CPU
		{8C490862-8A00-4F54-9BAF-3FB1C6C1D66D}.Release|Any CPU.Build.0 = Release|Any CPU
		{8C490862-8A00-4F54-9BAF-3FB1C6C1D66D}.Release|x64.ActiveCfg = Release|Any CPU
		{8C490862-8A00-4F54-9BAF-3FB1C6C1D66D}.Release|x64.Build.0 = Release|Any CPU
		{460F0507-8101-4D96-AE8E-42B57D703106}.Debug|Any CPU.ActiveCfg = Debug|Any CPU
		{460F0507-8101-4D96-AE8E-42B57D703106}.Debug|Any CPU.Build.0 = Debug|Any CPU
		{460F0507-8101-4D96-AE8E-42B57D703106}.Debug|x64.ActiveCfg = Debug|Any CPU
		{460F0507-8101-4D96-AE8E-42B57D703106}.Debug|x64.Build.0 = Debug|Any CPU
		{460F0507-8101-4D96-AE8E-42B57D703106}.Release|Any CPU.ActiveCfg = Release|Any CPU
		{460F0507-8101-4D96-AE8E-42B57D703106}.Release|Any CPU.Build.0 = Release|Any CPU
		{460F0507-8101-4D96-AE8E-42B57D703106}.Release|x64.ActiveCfg = Release|Any CPU
		{460F0507-8101-4D96-AE8E-42B57D703106}.Release|x64.Build.0 = Release|Any CPU
		{13FE01E6-C37C-4127-BED1-58608179E55D}.Debug|Any CPU.ActiveCfg = Debug|Any CPU
		{13FE01E6-C37C-4127-BED1-58608179E55D}.Debug|Any CPU.Build.0 = Debug|Any CPU
		{13FE01E6-C37C-4127-BED1-58608179E55D}.Debug|x64.ActiveCfg = Debug|Any CPU
		{13FE01E6-C37C-4127-BED1-58608179E55D}.Debug|x64.Build.0 = Debug|Any CPU
		{13FE01E6-C37C-4127-BED1-58608179E55D}.Release|Any CPU.ActiveCfg = Release|Any CPU
		{13FE01E6-C37C-4127-BED1-58608179E55D}.Release|Any CPU.Build.0 = Release|Any CPU
		{13FE01E6-C37C-4127-BED1-58608179E55D}.Release|x64.ActiveCfg = Release|Any CPU
		{13FE01E6-C37C-4127-BED1-58608179E55D}.Release|x64.Build.0 = Release|Any CPU
		{5A00C0A9-FE5D-4002-BE5B-F3B271D3E8FD}.Debug|Any CPU.ActiveCfg = Debug|Any CPU
		{5A00C0A9-FE5D-4002-BE5B-F3B271D3E8FD}.Debug|Any CPU.Build.0 = Debug|Any CPU
		{5A00C0A9-FE5D-4002-BE5B-F3B271D3E8FD}.Debug|x64.ActiveCfg = Debug|Any CPU
		{5A00C0A9-FE5D-4002-BE5B-F3B271D3E8FD}.Debug|x64.Build.0 = Debug|Any CPU
		{5A00C0A9-FE5D-4002-BE5B-F3B271D3E8FD}.Release|Any CPU.ActiveCfg = Release|Any CPU
		{5A00C0A9-FE5D-4002-BE5B-F3B271D3E8FD}.Release|Any CPU.Build.0 = Release|Any CPU
		{5A00C0A9-FE5D-4002-BE5B-F3B271D3E8FD}.Release|x64.ActiveCfg = Release|Any CPU
		{5A00C0A9-FE5D-4002-BE5B-F3B271D3E8FD}.Release|x64.Build.0 = Release|Any CPU
		{68ED5758-220F-486C-902F-5C30BA5F410D}.Debug|Any CPU.ActiveCfg = Debug|Any CPU
		{68ED5758-220F-486C-902F-5C30BA5F410D}.Debug|Any CPU.Build.0 = Debug|Any CPU
		{68ED5758-220F-486C-902F-5C30BA5F410D}.Debug|x64.ActiveCfg = Debug|Any CPU
		{68ED5758-220F-486C-902F-5C30BA5F410D}.Debug|x64.Build.0 = Debug|Any CPU
		{68ED5758-220F-486C-902F-5C30BA5F410D}.Release|Any CPU.ActiveCfg = Release|Any CPU
		{68ED5758-220F-486C-902F-5C30BA5F410D}.Release|Any CPU.Build.0 = Release|Any CPU
		{68ED5758-220F-486C-902F-5C30BA5F410D}.Release|x64.ActiveCfg = Release|Any CPU
		{68ED5758-220F-486C-902F-5C30BA5F410D}.Release|x64.Build.0 = Release|Any CPU
		{133C2D12-BDA9-4806-BA0A-70EC83BEC9BD}.Debug|Any CPU.ActiveCfg = Debug|Any CPU
		{133C2D12-BDA9-4806-BA0A-70EC83BEC9BD}.Debug|Any CPU.Build.0 = Debug|Any CPU
		{133C2D12-BDA9-4806-BA0A-70EC83BEC9BD}.Debug|x64.ActiveCfg = Debug|Any CPU
		{133C2D12-BDA9-4806-BA0A-70EC83BEC9BD}.Debug|x64.Build.0 = Debug|Any CPU
		{133C2D12-BDA9-4806-BA0A-70EC83BEC9BD}.Release|Any CPU.ActiveCfg = Release|Any CPU
		{133C2D12-BDA9-4806-BA0A-70EC83BEC9BD}.Release|Any CPU.Build.0 = Release|Any CPU
		{133C2D12-BDA9-4806-BA0A-70EC83BEC9BD}.Release|x64.ActiveCfg = Release|Any CPU
		{133C2D12-BDA9-4806-BA0A-70EC83BEC9BD}.Release|x64.Build.0 = Release|Any CPU
		{A3D721A0-0086-44C3-887E-FA26D9310931}.Debug|Any CPU.ActiveCfg = Debug|Any CPU
		{A3D721A0-0086-44C3-887E-FA26D9310931}.Debug|Any CPU.Build.0 = Debug|Any CPU
		{A3D721A0-0086-44C3-887E-FA26D9310931}.Debug|x64.ActiveCfg = Debug|Any CPU
		{A3D721A0-0086-44C3-887E-FA26D9310931}.Debug|x64.Build.0 = Debug|Any CPU
		{A3D721A0-0086-44C3-887E-FA26D9310931}.Release|Any CPU.ActiveCfg = Release|Any CPU
		{A3D721A0-0086-44C3-887E-FA26D9310931}.Release|Any CPU.Build.0 = Release|Any CPU
		{A3D721A0-0086-44C3-887E-FA26D9310931}.Release|x64.ActiveCfg = Release|Any CPU
		{A3D721A0-0086-44C3-887E-FA26D9310931}.Release|x64.Build.0 = Release|Any CPU
		{34C1B161-9CBD-4B4C-8CBA-12B5F088D39B}.Debug|Any CPU.ActiveCfg = Debug|Any CPU
		{34C1B161-9CBD-4B4C-8CBA-12B5F088D39B}.Debug|Any CPU.Build.0 = Debug|Any CPU
		{34C1B161-9CBD-4B4C-8CBA-12B5F088D39B}.Debug|x64.ActiveCfg = Debug|Any CPU
		{34C1B161-9CBD-4B4C-8CBA-12B5F088D39B}.Debug|x64.Build.0 = Debug|Any CPU
		{34C1B161-9CBD-4B4C-8CBA-12B5F088D39B}.Release|Any CPU.ActiveCfg = Release|Any CPU
		{34C1B161-9CBD-4B4C-8CBA-12B5F088D39B}.Release|Any CPU.Build.0 = Release|Any CPU
		{34C1B161-9CBD-4B4C-8CBA-12B5F088D39B}.Release|x64.ActiveCfg = Release|Any CPU
		{34C1B161-9CBD-4B4C-8CBA-12B5F088D39B}.Release|x64.Build.0 = Release|Any CPU
		{AB664E5C-3AB5-4135-A857-AEA7A854F3FE}.Debug|Any CPU.ActiveCfg = Debug|Any CPU
		{AB664E5C-3AB5-4135-A857-AEA7A854F3FE}.Debug|Any CPU.Build.0 = Debug|Any CPU
		{AB664E5C-3AB5-4135-A857-AEA7A854F3FE}.Debug|x64.ActiveCfg = Debug|Any CPU
		{AB664E5C-3AB5-4135-A857-AEA7A854F3FE}.Debug|x64.Build.0 = Debug|Any CPU
		{AB664E5C-3AB5-4135-A857-AEA7A854F3FE}.Release|Any CPU.ActiveCfg = Release|Any CPU
		{AB664E5C-3AB5-4135-A857-AEA7A854F3FE}.Release|Any CPU.Build.0 = Release|Any CPU
		{AB664E5C-3AB5-4135-A857-AEA7A854F3FE}.Release|x64.ActiveCfg = Release|Any CPU
		{AB664E5C-3AB5-4135-A857-AEA7A854F3FE}.Release|x64.Build.0 = Release|Any CPU
		{E7C868A6-B300-4992-8984-EC8EA48584D4}.Debug|Any CPU.ActiveCfg = Debug|Any CPU
		{E7C868A6-B300-4992-8984-EC8EA48584D4}.Debug|Any CPU.Build.0 = Debug|Any CPU
		{E7C868A6-B300-4992-8984-EC8EA48584D4}.Debug|x64.ActiveCfg = Debug|Any CPU
		{E7C868A6-B300-4992-8984-EC8EA48584D4}.Debug|x64.Build.0 = Debug|Any CPU
		{E7C868A6-B300-4992-8984-EC8EA48584D4}.Release|Any CPU.ActiveCfg = Release|Any CPU
		{E7C868A6-B300-4992-8984-EC8EA48584D4}.Release|Any CPU.Build.0 = Release|Any CPU
		{E7C868A6-B300-4992-8984-EC8EA48584D4}.Release|x64.ActiveCfg = Release|Any CPU
		{E7C868A6-B300-4992-8984-EC8EA48584D4}.Release|x64.Build.0 = Release|Any CPU
		{9A86F0C4-0D24-4A20-84F6-909D56F40629}.Debug|Any CPU.ActiveCfg = Debug|Any CPU
		{9A86F0C4-0D24-4A20-84F6-909D56F40629}.Debug|Any CPU.Build.0 = Debug|Any CPU
		{9A86F0C4-0D24-4A20-84F6-909D56F40629}.Debug|x64.ActiveCfg = Debug|Any CPU
		{9A86F0C4-0D24-4A20-84F6-909D56F40629}.Debug|x64.Build.0 = Debug|Any CPU
		{9A86F0C4-0D24-4A20-84F6-909D56F40629}.Release|Any CPU.ActiveCfg = Release|Any CPU
		{9A86F0C4-0D24-4A20-84F6-909D56F40629}.Release|Any CPU.Build.0 = Release|Any CPU
		{9A86F0C4-0D24-4A20-84F6-909D56F40629}.Release|x64.ActiveCfg = Release|Any CPU
		{9A86F0C4-0D24-4A20-84F6-909D56F40629}.Release|x64.Build.0 = Release|Any CPU
		{DB436836-980E-4034-A81A-63C2716BBC64}.Debug|Any CPU.ActiveCfg = Debug|Any CPU
		{DB436836-980E-4034-A81A-63C2716BBC64}.Debug|Any CPU.Build.0 = Debug|Any CPU
		{DB436836-980E-4034-A81A-63C2716BBC64}.Debug|x64.ActiveCfg = Debug|Any CPU
		{DB436836-980E-4034-A81A-63C2716BBC64}.Debug|x64.Build.0 = Debug|Any CPU
		{DB436836-980E-4034-A81A-63C2716BBC64}.Release|Any CPU.ActiveCfg = Release|Any CPU
		{DB436836-980E-4034-A81A-63C2716BBC64}.Release|Any CPU.Build.0 = Release|Any CPU
		{DB436836-980E-4034-A81A-63C2716BBC64}.Release|x64.ActiveCfg = Release|Any CPU
		{DB436836-980E-4034-A81A-63C2716BBC64}.Release|x64.Build.0 = Release|Any CPU
		{3AB63E55-6F88-4E12-808E-3BA53C9B4EE8}.Debug|Any CPU.ActiveCfg = Debug|Any CPU
		{3AB63E55-6F88-4E12-808E-3BA53C9B4EE8}.Debug|Any CPU.Build.0 = Debug|Any CPU
		{3AB63E55-6F88-4E12-808E-3BA53C9B4EE8}.Debug|x64.ActiveCfg = Debug|Any CPU
		{3AB63E55-6F88-4E12-808E-3BA53C9B4EE8}.Debug|x64.Build.0 = Debug|Any CPU
		{3AB63E55-6F88-4E12-808E-3BA53C9B4EE8}.Release|Any CPU.ActiveCfg = Release|Any CPU
		{3AB63E55-6F88-4E12-808E-3BA53C9B4EE8}.Release|Any CPU.Build.0 = Release|Any CPU
		{3AB63E55-6F88-4E12-808E-3BA53C9B4EE8}.Release|x64.ActiveCfg = Release|Any CPU
		{3AB63E55-6F88-4E12-808E-3BA53C9B4EE8}.Release|x64.Build.0 = Release|Any CPU
		{D9745B2F-41D9-48ED-A976-C570B7663DC5}.Debug|Any CPU.ActiveCfg = Debug|Any CPU
		{D9745B2F-41D9-48ED-A976-C570B7663DC5}.Debug|Any CPU.Build.0 = Debug|Any CPU
		{D9745B2F-41D9-48ED-A976-C570B7663DC5}.Debug|x64.ActiveCfg = Debug|Any CPU
		{D9745B2F-41D9-48ED-A976-C570B7663DC5}.Debug|x64.Build.0 = Debug|Any CPU
		{D9745B2F-41D9-48ED-A976-C570B7663DC5}.Release|Any CPU.ActiveCfg = Release|Any CPU
		{D9745B2F-41D9-48ED-A976-C570B7663DC5}.Release|Any CPU.Build.0 = Release|Any CPU
		{D9745B2F-41D9-48ED-A976-C570B7663DC5}.Release|x64.ActiveCfg = Release|Any CPU
		{D9745B2F-41D9-48ED-A976-C570B7663DC5}.Release|x64.Build.0 = Release|Any CPU
		{DCF6AAB4-F221-459F-9887-8A87CF2866DD}.Debug|Any CPU.ActiveCfg = Debug|Any CPU
		{DCF6AAB4-F221-459F-9887-8A87CF2866DD}.Debug|Any CPU.Build.0 = Debug|Any CPU
		{DCF6AAB4-F221-459F-9887-8A87CF2866DD}.Debug|x64.ActiveCfg = Debug|Any CPU
		{DCF6AAB4-F221-459F-9887-8A87CF2866DD}.Debug|x64.Build.0 = Debug|Any CPU
		{DCF6AAB4-F221-459F-9887-8A87CF2866DD}.Release|Any CPU.ActiveCfg = Release|Any CPU
		{DCF6AAB4-F221-459F-9887-8A87CF2866DD}.Release|Any CPU.Build.0 = Release|Any CPU
		{DCF6AAB4-F221-459F-9887-8A87CF2866DD}.Release|x64.ActiveCfg = Release|Any CPU
		{DCF6AAB4-F221-459F-9887-8A87CF2866DD}.Release|x64.Build.0 = Release|Any CPU
		{225920AC-B84A-4263-9D45-34C2FD2F6487}.Debug|Any CPU.ActiveCfg = Debug|Any CPU
		{225920AC-B84A-4263-9D45-34C2FD2F6487}.Debug|Any CPU.Build.0 = Debug|Any CPU
		{225920AC-B84A-4263-9D45-34C2FD2F6487}.Debug|x64.ActiveCfg = Debug|Any CPU
		{225920AC-B84A-4263-9D45-34C2FD2F6487}.Debug|x64.Build.0 = Debug|Any CPU
		{225920AC-B84A-4263-9D45-34C2FD2F6487}.Release|Any CPU.ActiveCfg = Release|Any CPU
		{225920AC-B84A-4263-9D45-34C2FD2F6487}.Release|Any CPU.Build.0 = Release|Any CPU
		{225920AC-B84A-4263-9D45-34C2FD2F6487}.Release|x64.ActiveCfg = Release|Any CPU
		{225920AC-B84A-4263-9D45-34C2FD2F6487}.Release|x64.Build.0 = Release|Any CPU
		{AE3568E9-03B0-4C86-B5CA-4D99219FDC15}.Debug|Any CPU.ActiveCfg = Debug|Any CPU
		{AE3568E9-03B0-4C86-B5CA-4D99219FDC15}.Debug|Any CPU.Build.0 = Debug|Any CPU
		{AE3568E9-03B0-4C86-B5CA-4D99219FDC15}.Debug|x64.ActiveCfg = Debug|Any CPU
		{AE3568E9-03B0-4C86-B5CA-4D99219FDC15}.Debug|x64.Build.0 = Debug|Any CPU
		{AE3568E9-03B0-4C86-B5CA-4D99219FDC15}.Release|Any CPU.ActiveCfg = Release|Any CPU
		{AE3568E9-03B0-4C86-B5CA-4D99219FDC15}.Release|Any CPU.Build.0 = Release|Any CPU
		{AE3568E9-03B0-4C86-B5CA-4D99219FDC15}.Release|x64.ActiveCfg = Release|Any CPU
		{AE3568E9-03B0-4C86-B5CA-4D99219FDC15}.Release|x64.Build.0 = Release|Any CPU
		{80241936-902A-4ED2-B0C9-C482717B21B8}.Debug|Any CPU.ActiveCfg = Debug|Any CPU
		{80241936-902A-4ED2-B0C9-C482717B21B8}.Debug|Any CPU.Build.0 = Debug|Any CPU
		{80241936-902A-4ED2-B0C9-C482717B21B8}.Debug|x64.ActiveCfg = Debug|Any CPU
		{80241936-902A-4ED2-B0C9-C482717B21B8}.Debug|x64.Build.0 = Debug|Any CPU
		{80241936-902A-4ED2-B0C9-C482717B21B8}.Release|Any CPU.ActiveCfg = Release|Any CPU
		{80241936-902A-4ED2-B0C9-C482717B21B8}.Release|Any CPU.Build.0 = Release|Any CPU
		{80241936-902A-4ED2-B0C9-C482717B21B8}.Release|x64.ActiveCfg = Release|Any CPU
		{80241936-902A-4ED2-B0C9-C482717B21B8}.Release|x64.Build.0 = Release|Any CPU
		{F796A8EF-0731-4000-8307-006C57BB2282}.Debug|Any CPU.ActiveCfg = Debug|Any CPU
		{F796A8EF-0731-4000-8307-006C57BB2282}.Debug|Any CPU.Build.0 = Debug|Any CPU
		{F796A8EF-0731-4000-8307-006C57BB2282}.Debug|x64.ActiveCfg = Debug|Any CPU
		{F796A8EF-0731-4000-8307-006C57BB2282}.Debug|x64.Build.0 = Debug|Any CPU
		{F796A8EF-0731-4000-8307-006C57BB2282}.Release|Any CPU.ActiveCfg = Release|Any CPU
		{F796A8EF-0731-4000-8307-006C57BB2282}.Release|Any CPU.Build.0 = Release|Any CPU
		{F796A8EF-0731-4000-8307-006C57BB2282}.Release|x64.ActiveCfg = Release|Any CPU
		{F796A8EF-0731-4000-8307-006C57BB2282}.Release|x64.Build.0 = Release|Any CPU
		{D9186EFA-C085-4877-9FDB-47C3C28BCCF0}.Debug|Any CPU.ActiveCfg = Debug|Any CPU
		{D9186EFA-C085-4877-9FDB-47C3C28BCCF0}.Debug|Any CPU.Build.0 = Debug|Any CPU
		{D9186EFA-C085-4877-9FDB-47C3C28BCCF0}.Debug|x64.ActiveCfg = Debug|Any CPU
		{D9186EFA-C085-4877-9FDB-47C3C28BCCF0}.Debug|x64.Build.0 = Debug|Any CPU
		{D9186EFA-C085-4877-9FDB-47C3C28BCCF0}.Release|Any CPU.ActiveCfg = Release|Any CPU
		{D9186EFA-C085-4877-9FDB-47C3C28BCCF0}.Release|Any CPU.Build.0 = Release|Any CPU
		{D9186EFA-C085-4877-9FDB-47C3C28BCCF0}.Release|x64.ActiveCfg = Release|Any CPU
		{D9186EFA-C085-4877-9FDB-47C3C28BCCF0}.Release|x64.Build.0 = Release|Any CPU
		{2F9A61CA-5F20-4F98-90E5-6BF972BB87C5}.Debug|Any CPU.ActiveCfg = Debug|Any CPU
		{2F9A61CA-5F20-4F98-90E5-6BF972BB87C5}.Debug|Any CPU.Build.0 = Debug|Any CPU
		{2F9A61CA-5F20-4F98-90E5-6BF972BB87C5}.Debug|x64.ActiveCfg = Debug|Any CPU
		{2F9A61CA-5F20-4F98-90E5-6BF972BB87C5}.Debug|x64.Build.0 = Debug|Any CPU
		{2F9A61CA-5F20-4F98-90E5-6BF972BB87C5}.Release|Any CPU.ActiveCfg = Release|Any CPU
		{2F9A61CA-5F20-4F98-90E5-6BF972BB87C5}.Release|Any CPU.Build.0 = Release|Any CPU
		{2F9A61CA-5F20-4F98-90E5-6BF972BB87C5}.Release|x64.ActiveCfg = Release|Any CPU
		{2F9A61CA-5F20-4F98-90E5-6BF972BB87C5}.Release|x64.Build.0 = Release|Any CPU
		{16506209-6820-4070-9690-C78C6369EC60}.Debug|Any CPU.ActiveCfg = Debug|Any CPU
		{16506209-6820-4070-9690-C78C6369EC60}.Debug|Any CPU.Build.0 = Debug|Any CPU
		{16506209-6820-4070-9690-C78C6369EC60}.Debug|x64.ActiveCfg = Debug|Any CPU
		{16506209-6820-4070-9690-C78C6369EC60}.Debug|x64.Build.0 = Debug|Any CPU
		{16506209-6820-4070-9690-C78C6369EC60}.Release|Any CPU.ActiveCfg = Release|Any CPU
		{16506209-6820-4070-9690-C78C6369EC60}.Release|Any CPU.Build.0 = Release|Any CPU
		{16506209-6820-4070-9690-C78C6369EC60}.Release|x64.ActiveCfg = Release|Any CPU
		{16506209-6820-4070-9690-C78C6369EC60}.Release|x64.Build.0 = Release|Any CPU
		{A7693853-2941-4181-9D06-BAF57B86A350}.Debug|Any CPU.ActiveCfg = Debug|Any CPU
		{A7693853-2941-4181-9D06-BAF57B86A350}.Debug|Any CPU.Build.0 = Debug|Any CPU
		{A7693853-2941-4181-9D06-BAF57B86A350}.Debug|x64.ActiveCfg = Debug|Any CPU
		{A7693853-2941-4181-9D06-BAF57B86A350}.Debug|x64.Build.0 = Debug|Any CPU
		{A7693853-2941-4181-9D06-BAF57B86A350}.Release|Any CPU.ActiveCfg = Release|Any CPU
		{A7693853-2941-4181-9D06-BAF57B86A350}.Release|Any CPU.Build.0 = Release|Any CPU
		{A7693853-2941-4181-9D06-BAF57B86A350}.Release|x64.ActiveCfg = Release|Any CPU
		{A7693853-2941-4181-9D06-BAF57B86A350}.Release|x64.Build.0 = Release|Any CPU
		{7EFE63CB-4688-45C8-8A6C-FAB86891DFD0}.Debug|Any CPU.ActiveCfg = Debug|Any CPU
		{7EFE63CB-4688-45C8-8A6C-FAB86891DFD0}.Debug|Any CPU.Build.0 = Debug|Any CPU
		{7EFE63CB-4688-45C8-8A6C-FAB86891DFD0}.Debug|x64.ActiveCfg = Debug|Any CPU
		{7EFE63CB-4688-45C8-8A6C-FAB86891DFD0}.Debug|x64.Build.0 = Debug|Any CPU
		{7EFE63CB-4688-45C8-8A6C-FAB86891DFD0}.Release|Any CPU.ActiveCfg = Release|Any CPU
		{7EFE63CB-4688-45C8-8A6C-FAB86891DFD0}.Release|Any CPU.Build.0 = Release|Any CPU
		{7EFE63CB-4688-45C8-8A6C-FAB86891DFD0}.Release|x64.ActiveCfg = Release|Any CPU
		{7EFE63CB-4688-45C8-8A6C-FAB86891DFD0}.Release|x64.Build.0 = Release|Any CPU
		{3614F477-D432-4600-B20A-280671B60E49}.Debug|Any CPU.ActiveCfg = Debug|Any CPU
		{3614F477-D432-4600-B20A-280671B60E49}.Debug|Any CPU.Build.0 = Debug|Any CPU
		{3614F477-D432-4600-B20A-280671B60E49}.Debug|x64.ActiveCfg = Debug|Any CPU
		{3614F477-D432-4600-B20A-280671B60E49}.Debug|x64.Build.0 = Debug|Any CPU
		{3614F477-D432-4600-B20A-280671B60E49}.Release|Any CPU.ActiveCfg = Release|Any CPU
		{3614F477-D432-4600-B20A-280671B60E49}.Release|Any CPU.Build.0 = Release|Any CPU
		{3614F477-D432-4600-B20A-280671B60E49}.Release|x64.ActiveCfg = Release|Any CPU
		{3614F477-D432-4600-B20A-280671B60E49}.Release|x64.Build.0 = Release|Any CPU
		{F289D297-D2E5-4A24-94D9-A5928026E89A}.Debug|Any CPU.ActiveCfg = Debug|Any CPU
		{F289D297-D2E5-4A24-94D9-A5928026E89A}.Debug|Any CPU.Build.0 = Debug|Any CPU
		{F289D297-D2E5-4A24-94D9-A5928026E89A}.Debug|x64.ActiveCfg = Debug|Any CPU
		{F289D297-D2E5-4A24-94D9-A5928026E89A}.Debug|x64.Build.0 = Debug|Any CPU
		{F289D297-D2E5-4A24-94D9-A5928026E89A}.Release|Any CPU.ActiveCfg = Release|Any CPU
		{F289D297-D2E5-4A24-94D9-A5928026E89A}.Release|Any CPU.Build.0 = Release|Any CPU
		{F289D297-D2E5-4A24-94D9-A5928026E89A}.Release|x64.ActiveCfg = Release|Any CPU
		{F289D297-D2E5-4A24-94D9-A5928026E89A}.Release|x64.Build.0 = Release|Any CPU
		{828365A4-AB29-4692-A555-BC97C0E5A8D5}.Debug|Any CPU.ActiveCfg = Debug|Any CPU
		{828365A4-AB29-4692-A555-BC97C0E5A8D5}.Debug|Any CPU.Build.0 = Debug|Any CPU
		{828365A4-AB29-4692-A555-BC97C0E5A8D5}.Debug|x64.ActiveCfg = Debug|Any CPU
		{828365A4-AB29-4692-A555-BC97C0E5A8D5}.Debug|x64.Build.0 = Debug|Any CPU
		{828365A4-AB29-4692-A555-BC97C0E5A8D5}.Release|Any CPU.ActiveCfg = Release|Any CPU
		{828365A4-AB29-4692-A555-BC97C0E5A8D5}.Release|Any CPU.Build.0 = Release|Any CPU
		{828365A4-AB29-4692-A555-BC97C0E5A8D5}.Release|x64.ActiveCfg = Release|Any CPU
		{828365A4-AB29-4692-A555-BC97C0E5A8D5}.Release|x64.Build.0 = Release|Any CPU
		{88B353BD-0A88-4CF9-9442-660692437E6E}.Debug|Any CPU.ActiveCfg = Debug|Any CPU
		{88B353BD-0A88-4CF9-9442-660692437E6E}.Debug|Any CPU.Build.0 = Debug|Any CPU
		{88B353BD-0A88-4CF9-9442-660692437E6E}.Debug|x64.ActiveCfg = Debug|Any CPU
		{88B353BD-0A88-4CF9-9442-660692437E6E}.Debug|x64.Build.0 = Debug|Any CPU
		{88B353BD-0A88-4CF9-9442-660692437E6E}.Release|Any CPU.ActiveCfg = Release|Any CPU
		{88B353BD-0A88-4CF9-9442-660692437E6E}.Release|Any CPU.Build.0 = Release|Any CPU
		{88B353BD-0A88-4CF9-9442-660692437E6E}.Release|x64.ActiveCfg = Release|Any CPU
		{88B353BD-0A88-4CF9-9442-660692437E6E}.Release|x64.Build.0 = Release|Any CPU
		{45C4E98F-C300-4869-A3A3-531B56BDC3D9}.Debug|Any CPU.ActiveCfg = Debug|x64
		{45C4E98F-C300-4869-A3A3-531B56BDC3D9}.Debug|Any CPU.Build.0 = Debug|x64
		{45C4E98F-C300-4869-A3A3-531B56BDC3D9}.Debug|x64.ActiveCfg = Debug|x64
		{45C4E98F-C300-4869-A3A3-531B56BDC3D9}.Debug|x64.Build.0 = Debug|x64
		{45C4E98F-C300-4869-A3A3-531B56BDC3D9}.Release|Any CPU.ActiveCfg = Release|x64
		{45C4E98F-C300-4869-A3A3-531B56BDC3D9}.Release|Any CPU.Build.0 = Release|x64
		{45C4E98F-C300-4869-A3A3-531B56BDC3D9}.Release|x64.ActiveCfg = Release|x64
		{45C4E98F-C300-4869-A3A3-531B56BDC3D9}.Release|x64.Build.0 = Release|x64
		{A37AD75B-3315-4E60-98B2-137EB68CE303}.Debug|Any CPU.ActiveCfg = Debug|x64
		{A37AD75B-3315-4E60-98B2-137EB68CE303}.Debug|Any CPU.Build.0 = Debug|x64
		{A37AD75B-3315-4E60-98B2-137EB68CE303}.Debug|x64.ActiveCfg = Debug|x64
		{A37AD75B-3315-4E60-98B2-137EB68CE303}.Debug|x64.Build.0 = Debug|x64
		{A37AD75B-3315-4E60-98B2-137EB68CE303}.Release|Any CPU.ActiveCfg = Release|x64
		{A37AD75B-3315-4E60-98B2-137EB68CE303}.Release|Any CPU.Build.0 = Release|x64
		{A37AD75B-3315-4E60-98B2-137EB68CE303}.Release|x64.ActiveCfg = Release|x64
		{A37AD75B-3315-4E60-98B2-137EB68CE303}.Release|x64.Build.0 = Release|x64
		{9AD67BF7-8707-4388-AD34-545CE9EAADEA}.Debug|Any CPU.ActiveCfg = Debug|x64
		{9AD67BF7-8707-4388-AD34-545CE9EAADEA}.Debug|Any CPU.Build.0 = Debug|x64
		{9AD67BF7-8707-4388-AD34-545CE9EAADEA}.Debug|x64.ActiveCfg = Debug|x64
		{9AD67BF7-8707-4388-AD34-545CE9EAADEA}.Debug|x64.Build.0 = Debug|x64
		{9AD67BF7-8707-4388-AD34-545CE9EAADEA}.Release|Any CPU.ActiveCfg = Release|x64
		{9AD67BF7-8707-4388-AD34-545CE9EAADEA}.Release|Any CPU.Build.0 = Release|x64
		{9AD67BF7-8707-4388-AD34-545CE9EAADEA}.Release|x64.ActiveCfg = Release|x64
		{9AD67BF7-8707-4388-AD34-545CE9EAADEA}.Release|x64.Build.0 = Release|x64
		{58B7FC57-2117-4BEE-A7D5-69CA21398199}.Debug|Any CPU.ActiveCfg = Debug|x64
		{58B7FC57-2117-4BEE-A7D5-69CA21398199}.Debug|Any CPU.Build.0 = Debug|x64
		{58B7FC57-2117-4BEE-A7D5-69CA21398199}.Debug|x64.ActiveCfg = Debug|x64
		{58B7FC57-2117-4BEE-A7D5-69CA21398199}.Debug|x64.Build.0 = Debug|x64
		{58B7FC57-2117-4BEE-A7D5-69CA21398199}.Release|Any CPU.ActiveCfg = Release|x64
		{58B7FC57-2117-4BEE-A7D5-69CA21398199}.Release|Any CPU.Build.0 = Release|x64
		{58B7FC57-2117-4BEE-A7D5-69CA21398199}.Release|x64.ActiveCfg = Release|x64
		{58B7FC57-2117-4BEE-A7D5-69CA21398199}.Release|x64.Build.0 = Release|x64
		{C91F9AC9-9B49-4B1E-BC77-32821380E219}.Debug|Any CPU.ActiveCfg = Debug|x64
		{C91F9AC9-9B49-4B1E-BC77-32821380E219}.Debug|Any CPU.Build.0 = Debug|x64
		{C91F9AC9-9B49-4B1E-BC77-32821380E219}.Debug|Any CPU.Deploy.0 = Debug|x64
		{C91F9AC9-9B49-4B1E-BC77-32821380E219}.Debug|x64.ActiveCfg = Debug|x64
		{C91F9AC9-9B49-4B1E-BC77-32821380E219}.Debug|x64.Build.0 = Debug|x64
		{C91F9AC9-9B49-4B1E-BC77-32821380E219}.Debug|x64.Deploy.0 = Debug|x64
		{C91F9AC9-9B49-4B1E-BC77-32821380E219}.Release|Any CPU.ActiveCfg = Release|x64
		{C91F9AC9-9B49-4B1E-BC77-32821380E219}.Release|Any CPU.Build.0 = Release|x64
		{C91F9AC9-9B49-4B1E-BC77-32821380E219}.Release|x64.ActiveCfg = Release|x64
		{C91F9AC9-9B49-4B1E-BC77-32821380E219}.Release|x64.Build.0 = Release|x64
		{C91F9AC9-9B49-4B1E-BC77-32821380E219}.Release|x64.Deploy.0 = Release|x64
		{D2DE259F-760A-42EF-8075-888FD50EAB18}.Debug|Any CPU.ActiveCfg = Debug|x64
		{D2DE259F-760A-42EF-8075-888FD50EAB18}.Debug|Any CPU.Build.0 = Debug|x64
		{D2DE259F-760A-42EF-8075-888FD50EAB18}.Debug|x64.ActiveCfg = Debug|x64
		{D2DE259F-760A-42EF-8075-888FD50EAB18}.Debug|x64.Build.0 = Debug|x64
		{D2DE259F-760A-42EF-8075-888FD50EAB18}.Release|Any CPU.ActiveCfg = Release|x64
		{D2DE259F-760A-42EF-8075-888FD50EAB18}.Release|Any CPU.Build.0 = Release|x64
		{D2DE259F-760A-42EF-8075-888FD50EAB18}.Release|x64.ActiveCfg = Release|x64
		{D2DE259F-760A-42EF-8075-888FD50EAB18}.Release|x64.Build.0 = Release|x64
		{F86DB8EA-DA52-40D6-B5AF-2ACFF7DE4892}.Debug|Any CPU.ActiveCfg = Debug|x64
		{F86DB8EA-DA52-40D6-B5AF-2ACFF7DE4892}.Debug|Any CPU.Build.0 = Debug|x64
		{F86DB8EA-DA52-40D6-B5AF-2ACFF7DE4892}.Debug|x64.ActiveCfg = Debug|x64
		{F86DB8EA-DA52-40D6-B5AF-2ACFF7DE4892}.Debug|x64.Build.0 = Debug|x64
		{F86DB8EA-DA52-40D6-B5AF-2ACFF7DE4892}.Release|Any CPU.ActiveCfg = Release|x64
		{F86DB8EA-DA52-40D6-B5AF-2ACFF7DE4892}.Release|Any CPU.Build.0 = Release|x64
		{F86DB8EA-DA52-40D6-B5AF-2ACFF7DE4892}.Release|x64.ActiveCfg = Release|x64
		{F86DB8EA-DA52-40D6-B5AF-2ACFF7DE4892}.Release|x64.Build.0 = Release|x64
		{35F3823E-7FAD-4273-A641-BD8C25A867A9}.Debug|Any CPU.ActiveCfg = Debug|x64
		{35F3823E-7FAD-4273-A641-BD8C25A867A9}.Debug|Any CPU.Build.0 = Debug|x64
		{35F3823E-7FAD-4273-A641-BD8C25A867A9}.Debug|x64.ActiveCfg = Debug|x64
		{35F3823E-7FAD-4273-A641-BD8C25A867A9}.Debug|x64.Build.0 = Debug|x64
		{35F3823E-7FAD-4273-A641-BD8C25A867A9}.Release|Any CPU.ActiveCfg = Release|x64
		{35F3823E-7FAD-4273-A641-BD8C25A867A9}.Release|Any CPU.Build.0 = Release|x64
		{35F3823E-7FAD-4273-A641-BD8C25A867A9}.Release|x64.ActiveCfg = Release|x64
		{35F3823E-7FAD-4273-A641-BD8C25A867A9}.Release|x64.Build.0 = Release|x64
		{0ECBDA32-F6F2-4316-9511-EF78E7038E83}.Debug|Any CPU.ActiveCfg = Debug|x64
		{0ECBDA32-F6F2-4316-9511-EF78E7038E83}.Debug|Any CPU.Build.0 = Debug|x64
		{0ECBDA32-F6F2-4316-9511-EF78E7038E83}.Debug|x64.ActiveCfg = Debug|x64
		{0ECBDA32-F6F2-4316-9511-EF78E7038E83}.Debug|x64.Build.0 = Debug|x64
		{0ECBDA32-F6F2-4316-9511-EF78E7038E83}.Release|Any CPU.ActiveCfg = Release|x64
		{0ECBDA32-F6F2-4316-9511-EF78E7038E83}.Release|Any CPU.Build.0 = Release|x64
		{0ECBDA32-F6F2-4316-9511-EF78E7038E83}.Release|x64.ActiveCfg = Release|x64
		{0ECBDA32-F6F2-4316-9511-EF78E7038E83}.Release|x64.Build.0 = Release|x64
		{17C1E98F-4DD0-4D59-80AA-DE58077D9D18}.Debug|Any CPU.ActiveCfg = Debug|Any CPU
		{17C1E98F-4DD0-4D59-80AA-DE58077D9D18}.Debug|Any CPU.Build.0 = Debug|Any CPU
		{17C1E98F-4DD0-4D59-80AA-DE58077D9D18}.Debug|x64.ActiveCfg = Debug|Any CPU
		{17C1E98F-4DD0-4D59-80AA-DE58077D9D18}.Debug|x64.Build.0 = Debug|Any CPU
		{17C1E98F-4DD0-4D59-80AA-DE58077D9D18}.Release|Any CPU.ActiveCfg = Release|Any CPU
		{17C1E98F-4DD0-4D59-80AA-DE58077D9D18}.Release|Any CPU.Build.0 = Release|Any CPU
		{17C1E98F-4DD0-4D59-80AA-DE58077D9D18}.Release|x64.ActiveCfg = Release|Any CPU
		{17C1E98F-4DD0-4D59-80AA-DE58077D9D18}.Release|x64.Build.0 = Release|Any CPU
		{B0B02484-594E-4DE6-BF7E-5282431123EF}.Debug|Any CPU.ActiveCfg = Debug|x64
		{B0B02484-594E-4DE6-BF7E-5282431123EF}.Debug|Any CPU.Build.0 = Debug|x64
		{B0B02484-594E-4DE6-BF7E-5282431123EF}.Debug|x64.ActiveCfg = Debug|x64
		{B0B02484-594E-4DE6-BF7E-5282431123EF}.Debug|x64.Build.0 = Debug|x64
		{B0B02484-594E-4DE6-BF7E-5282431123EF}.Release|Any CPU.ActiveCfg = Release|x64
		{B0B02484-594E-4DE6-BF7E-5282431123EF}.Release|x64.ActiveCfg = Release|x64
		{B0B02484-594E-4DE6-BF7E-5282431123EF}.Release|x64.Build.0 = Release|x64
		{F8E665E6-E512-40C3-BA09-E7DCED1F55C2}.Debug|Any CPU.ActiveCfg = Debug|x64
		{F8E665E6-E512-40C3-BA09-E7DCED1F55C2}.Debug|Any CPU.Build.0 = Debug|x64
		{F8E665E6-E512-40C3-BA09-E7DCED1F55C2}.Debug|Any CPU.Deploy.0 = Debug|x64
		{F8E665E6-E512-40C3-BA09-E7DCED1F55C2}.Debug|x64.ActiveCfg = Debug|x64
		{F8E665E6-E512-40C3-BA09-E7DCED1F55C2}.Debug|x64.Build.0 = Debug|x64
		{F8E665E6-E512-40C3-BA09-E7DCED1F55C2}.Debug|x64.Deploy.0 = Debug|x64
		{F8E665E6-E512-40C3-BA09-E7DCED1F55C2}.Release|Any CPU.ActiveCfg = Release|x64
		{F8E665E6-E512-40C3-BA09-E7DCED1F55C2}.Release|x64.ActiveCfg = Release|x64
		{F8E665E6-E512-40C3-BA09-E7DCED1F55C2}.Release|x64.Build.0 = Release|x64
		{F8E665E6-E512-40C3-BA09-E7DCED1F55C2}.Release|x64.Deploy.0 = Release|x64
	EndGlobalSection
	GlobalSection(SolutionProperties) = preSolution
		HideSolutionNode = FALSE
	EndGlobalSection
	GlobalSection(NestedProjects) = preSolution
		{68ED5758-220F-486C-902F-5C30BA5F410D} = {87130765-A579-4878-B462-70139F28B475}
		{34C1B161-9CBD-4B4C-8CBA-12B5F088D39B} = {87130765-A579-4878-B462-70139F28B475}
		{AB664E5C-3AB5-4135-A857-AEA7A854F3FE} = {87130765-A579-4878-B462-70139F28B475}
		{E7C868A6-B300-4992-8984-EC8EA48584D4} = {87130765-A579-4878-B462-70139F28B475}
		{9A86F0C4-0D24-4A20-84F6-909D56F40629} = {87130765-A579-4878-B462-70139F28B475}
		{DB436836-980E-4034-A81A-63C2716BBC64} = {87130765-A579-4878-B462-70139F28B475}
		{3AB63E55-6F88-4E12-808E-3BA53C9B4EE8} = {87130765-A579-4878-B462-70139F28B475}
		{D9745B2F-41D9-48ED-A976-C570B7663DC5} = {87130765-A579-4878-B462-70139F28B475}
		{225920AC-B84A-4263-9D45-34C2FD2F6487} = {87130765-A579-4878-B462-70139F28B475}
		{A7693853-2941-4181-9D06-BAF57B86A350} = {87130765-A579-4878-B462-70139F28B475}
		{3614F477-D432-4600-B20A-280671B60E49} = {87130765-A579-4878-B462-70139F28B475}
		{F289D297-D2E5-4A24-94D9-A5928026E89A} = {87130765-A579-4878-B462-70139F28B475}
		{88B353BD-0A88-4CF9-9442-660692437E6E} = {87130765-A579-4878-B462-70139F28B475}
		{58B7FC57-2117-4BEE-A7D5-69CA21398199} = {87130765-A579-4878-B462-70139F28B475}
		{C91F9AC9-9B49-4B1E-BC77-32821380E219} = {87130765-A579-4878-B462-70139F28B475}
		{D2DE259F-760A-42EF-8075-888FD50EAB18} = {87130765-A579-4878-B462-70139F28B475}
		{F86DB8EA-DA52-40D6-B5AF-2ACFF7DE4892} = {87130765-A579-4878-B462-70139F28B475}
		{35F3823E-7FAD-4273-A641-BD8C25A867A9} = {87130765-A579-4878-B462-70139F28B475}
		{0ECBDA32-F6F2-4316-9511-EF78E7038E83} = {87130765-A579-4878-B462-70139F28B475}
		{17C1E98F-4DD0-4D59-80AA-DE58077D9D18} = {87130765-A579-4878-B462-70139F28B475}
		{B0B02484-594E-4DE6-BF7E-5282431123EF} = {87130765-A579-4878-B462-70139F28B475}
		{F8E665E6-E512-40C3-BA09-E7DCED1F55C2} = {87130765-A579-4878-B462-70139F28B475}
	EndGlobalSection
EndGlobal
