
Microsoft Visual Studio Solution File, Format Version 12.00
# Visual Studio 2013
VisualStudioVersion = 12.0.20827.3
MinimumVisualStudioVersion = 10.0.40219.1
Project("{FAE04EC0-301F-11D3-BF4B-00C04F79EFBC}") = "ISIS.HigherGround.Web.Site", "ISIS.HigherGround.Web.Site\ISIS.HigherGround.Web.Site.csproj", "{C64CA675-C084-4AEF-AFB1-68B6744838CE}"
EndProject
Project("{2150E333-8FDC-42A3-9474-1A3956D46DE8}") = "Cogito", "Cogito", "{DBE9038C-4AD6-4D01-B066-11FD6C89FD99}"
EndProject
Project("{FAE04EC0-301F-11D3-BF4B-00C04F79EFBC}") = "Cogito.Composition", "Cogito\Cogito.Composition\Cogito.Composition.csproj", "{7BC455C8-108C-4B5A-BF25-F20EEE0A8140}"
EndProject
Project("{FAE04EC0-301F-11D3-BF4B-00C04F79EFBC}") = "Cogito.Web.Http", "Cogito\Cogito.Web.Http\Cogito.Web.Http.csproj", "{D07FE037-FAF0-4B59-9B55-C00C68AD1C9D}"
EndProject
Project("{FAE04EC0-301F-11D3-BF4B-00C04F79EFBC}") = "Cogito.Application", "Cogito\Cogito.Application\Cogito.Application.csproj", "{D3391C9B-9587-4CED-9A66-EB88B189E169}"
EndProject
Project("{FAE04EC0-301F-11D3-BF4B-00C04F79EFBC}") = "Cogito.Web.Mvc", "Cogito\Cogito.Web.Mvc\Cogito.Web.Mvc.csproj", "{AC2E8895-1E42-4CC5-A996-BE6FA4C8D7EA}"
EndProject
Project("{2150E333-8FDC-42A3-9474-1A3956D46DE8}") = ".nuget", ".nuget", "{563320EC-686F-4375-8E2D-79E69928FF68}"
	ProjectSection(SolutionItems) = preProject
		Cogito\.nuget\NuGet.Config = Cogito\.nuget\NuGet.Config
		Cogito\.nuget\NuGet.exe = Cogito\.nuget\NuGet.exe
		Cogito\.nuget\NuGet.targets = Cogito\.nuget\NuGet.targets
	EndProjectSection
EndProject
Project("{FAE04EC0-301F-11D3-BF4B-00C04F79EFBC}") = "Cogito.Web", "Cogito\Cogito.Web\Cogito.Web.csproj", "{8C490862-8A00-4F54-9BAF-3FB1C6C1D66D}"
EndProject
Project("{FAE04EC0-301F-11D3-BF4B-00C04F79EFBC}") = "Cogito.Linq", "Cogito\Cogito.Linq\Cogito.Linq.csproj", "{D40A5830-1D87-4E4A-B152-FB874D2AAD50}"
EndProject
Project("{FAE04EC0-301F-11D3-BF4B-00C04F79EFBC}") = "ISIS.HigherGround.Web", "ISIS.HigherGround.Web\ISIS.HigherGround.Web.csproj", "{BC8D971C-5FFC-4136-8FAD-6BA019670F2B}"
EndProject
Project("{2150E333-8FDC-42A3-9474-1A3956D46DE8}") = ".nuget", ".nuget", "{0FCC3FE1-AAAB-450B-9B84-FF963E3A9110}"
	ProjectSection(SolutionItems) = preProject
		.nuget\NuGet.Config = .nuget\NuGet.Config
		.nuget\NuGet.exe = .nuget\NuGet.exe
		.nuget\NuGet.props = .nuget\NuGet.props
		.nuget\NuGet.targets = .nuget\NuGet.targets
	EndProjectSection
EndProject
Global
	GlobalSection(SolutionConfigurationPlatforms) = preSolution
		Debug|Any CPU = Debug|Any CPU
		Release|Any CPU = Release|Any CPU
	EndGlobalSection
	GlobalSection(ProjectConfigurationPlatforms) = postSolution
		{C64CA675-C084-4AEF-AFB1-68B6744838CE}.Debug|Any CPU.ActiveCfg = Debug|Any CPU
		{C64CA675-C084-4AEF-AFB1-68B6744838CE}.Debug|Any CPU.Build.0 = Debug|Any CPU
		{C64CA675-C084-4AEF-AFB1-68B6744838CE}.Release|Any CPU.ActiveCfg = Release|Any CPU
		{C64CA675-C084-4AEF-AFB1-68B6744838CE}.Release|Any CPU.Build.0 = Release|Any CPU
		{7BC455C8-108C-4B5A-BF25-F20EEE0A8140}.Debug|Any CPU.ActiveCfg = Debug|Any CPU
		{7BC455C8-108C-4B5A-BF25-F20EEE0A8140}.Debug|Any CPU.Build.0 = Debug|Any CPU
		{7BC455C8-108C-4B5A-BF25-F20EEE0A8140}.Release|Any CPU.ActiveCfg = Release|Any CPU
		{7BC455C8-108C-4B5A-BF25-F20EEE0A8140}.Release|Any CPU.Build.0 = Release|Any CPU
		{D07FE037-FAF0-4B59-9B55-C00C68AD1C9D}.Debug|Any CPU.ActiveCfg = Debug|Any CPU
		{D07FE037-FAF0-4B59-9B55-C00C68AD1C9D}.Debug|Any CPU.Build.0 = Debug|Any CPU
		{D07FE037-FAF0-4B59-9B55-C00C68AD1C9D}.Release|Any CPU.ActiveCfg = Release|Any CPU
		{D07FE037-FAF0-4B59-9B55-C00C68AD1C9D}.Release|Any CPU.Build.0 = Release|Any CPU
		{D3391C9B-9587-4CED-9A66-EB88B189E169}.Debug|Any CPU.ActiveCfg = Debug|Any CPU
		{D3391C9B-9587-4CED-9A66-EB88B189E169}.Debug|Any CPU.Build.0 = Debug|Any CPU
		{D3391C9B-9587-4CED-9A66-EB88B189E169}.Release|Any CPU.ActiveCfg = Release|Any CPU
		{D3391C9B-9587-4CED-9A66-EB88B189E169}.Release|Any CPU.Build.0 = Release|Any CPU
		{AC2E8895-1E42-4CC5-A996-BE6FA4C8D7EA}.Debug|Any CPU.ActiveCfg = Debug|Any CPU
		{AC2E8895-1E42-4CC5-A996-BE6FA4C8D7EA}.Debug|Any CPU.Build.0 = Debug|Any CPU
		{AC2E8895-1E42-4CC5-A996-BE6FA4C8D7EA}.Release|Any CPU.ActiveCfg = Release|Any CPU
		{AC2E8895-1E42-4CC5-A996-BE6FA4C8D7EA}.Release|Any CPU.Build.0 = Release|Any CPU
		{8C490862-8A00-4F54-9BAF-3FB1C6C1D66D}.Debug|Any CPU.ActiveCfg = Debug|Any CPU
		{8C490862-8A00-4F54-9BAF-3FB1C6C1D66D}.Debug|Any CPU.Build.0 = Debug|Any CPU
		{8C490862-8A00-4F54-9BAF-3FB1C6C1D66D}.Release|Any CPU.ActiveCfg = Release|Any CPU
		{8C490862-8A00-4F54-9BAF-3FB1C6C1D66D}.Release|Any CPU.Build.0 = Release|Any CPU
		{D40A5830-1D87-4E4A-B152-FB874D2AAD50}.Debug|Any CPU.ActiveCfg = Debug|Any CPU
		{D40A5830-1D87-4E4A-B152-FB874D2AAD50}.Debug|Any CPU.Build.0 = Debug|Any CPU
		{D40A5830-1D87-4E4A-B152-FB874D2AAD50}.Release|Any CPU.ActiveCfg = Release|Any CPU
		{D40A5830-1D87-4E4A-B152-FB874D2AAD50}.Release|Any CPU.Build.0 = Release|Any CPU
		{BC8D971C-5FFC-4136-8FAD-6BA019670F2B}.Debug|Any CPU.ActiveCfg = Debug|Any CPU
		{BC8D971C-5FFC-4136-8FAD-6BA019670F2B}.Debug|Any CPU.Build.0 = Debug|Any CPU
		{BC8D971C-5FFC-4136-8FAD-6BA019670F2B}.Release|Any CPU.ActiveCfg = Release|Any CPU
		{BC8D971C-5FFC-4136-8FAD-6BA019670F2B}.Release|Any CPU.Build.0 = Release|Any CPU
	EndGlobalSection
	GlobalSection(SolutionProperties) = preSolution
		HideSolutionNode = FALSE
	EndGlobalSection
	GlobalSection(NestedProjects) = preSolution
		{7BC455C8-108C-4B5A-BF25-F20EEE0A8140} = {DBE9038C-4AD6-4D01-B066-11FD6C89FD99}
		{D07FE037-FAF0-4B59-9B55-C00C68AD1C9D} = {DBE9038C-4AD6-4D01-B066-11FD6C89FD99}
		{D3391C9B-9587-4CED-9A66-EB88B189E169} = {DBE9038C-4AD6-4D01-B066-11FD6C89FD99}
		{AC2E8895-1E42-4CC5-A996-BE6FA4C8D7EA} = {DBE9038C-4AD6-4D01-B066-11FD6C89FD99}
		{563320EC-686F-4375-8E2D-79E69928FF68} = {DBE9038C-4AD6-4D01-B066-11FD6C89FD99}
		{8C490862-8A00-4F54-9BAF-3FB1C6C1D66D} = {DBE9038C-4AD6-4D01-B066-11FD6C89FD99}
		{D40A5830-1D87-4E4A-B152-FB874D2AAD50} = {DBE9038C-4AD6-4D01-B066-11FD6C89FD99}
	EndGlobalSection
EndGlobal
